
Microsoft Visual Studio Solution File, Format Version 12.00
# Visual Studio Version 17
VisualStudioVersion = 17.3.32929.385
MinimumVisualStudioVersion = 10.0.40219.1
Project("{FAE04EC0-301F-11D3-BF4B-00C04F79EFBC}") = "MinhaEscola", "MinhaEscola\MinhaEscola.csproj", "{B01A1DA3-404D-4BB0-A5F4-084F7FC9A50D}"
EndProject
Global
	GlobalSection(SolutionConfigurationPlatforms) = preSolution
		Debug|Any CPU = Debug|Any CPU
		Release|Any CPU = Release|Any CPU
	EndGlobalSection
	GlobalSection(ProjectConfigurationPlatforms) = postSolution
		{B01A1DA3-404D-4BB0-A5F4-084F7FC9A50D}.Debug|Any CPU.ActiveCfg = Debug|Any CPU
		{B01A1DA3-404D-4BB0-A5F4-084F7FC9A50D}.Debug|Any CPU.Build.0 = Debug|Any CPU
		{B01A1DA3-404D-4BB0-A5F4-084F7FC9A50D}.Release|Any CPU.ActiveCfg = Release|Any CPU
		{B01A1DA3-404D-4BB0-A5F4-084F7FC9A50D}.Release|Any CPU.Build.0 = Release|Any CPU
	EndGlobalSection
	GlobalSection(SolutionProperties) = preSolution
		HideSolutionNode = FALSE
	EndGlobalSection
	GlobalSection(ExtensibilityGlobals) = postSolution
		SolutionGuid = {31B430A4-5446-4F4D-9352-65E9D024B0CF}
	EndGlobalSection
EndGlobal
